{
  "name": "heraldry",
  "version": "1.0.0",
  "lockfileVersion": 1,
  "requires": true,
  "dependencies": {
    "two.js": {
      "version": "0.8.15",
      "resolved": "https://registry.npmjs.org/two.js/-/two.js-0.8.15.tgz",
      "integrity": "sha512-1jK7qxACl+6bmb42/G1NBAaK3GiQ+Y8FTMB3IJEiuErsph6bOgAExo3nv1KIxl9NyJKmSwZYf6fJiUbQtSBtWg=="
    }
  }
}
